
Microsoft Visual Studio Solution File, Format Version 12.00
# Visual Studio 2013
VisualStudioVersion = 12.0.31101.0
MinimumVisualStudioVersion = 10.0.40219.1
Project("{FAE04EC0-301F-11D3-BF4B-00C04F79EFBC}") = "SSW.DataOnion.UserGroupDemo.Domain", "SSW.DataOnion.UserGroupDemo.Domain\SSW.DataOnion.UserGroupDemo.Domain.csproj", "{C9356E55-0268-442F-B4BA-97BC65CFB908}"
EndProject
Project("{FAE04EC0-301F-11D3-BF4B-00C04F79EFBC}") = "SSW.DataOnion.UserGroupDemo.VanillaEF.cs", "SSW.DataOnion.UserGroupDemo.VanillaEF.cs\SSW.DataOnion.UserGroupDemo.VanillaEF.cs.csproj", "{32F07181-5A50-47F9-9874-C18E2E664ED1}"
EndProject
Project("{FAE04EC0-301F-11D3-BF4B-00C04F79EFBC}") = "SSW.DataOnion.UserGroupDemo.VanillaEF.IntegrationTests", "SSW.DataOnion.UserGroupDemo.VanillaEF.IntegrationTests\SSW.DataOnion.UserGroupDemo.VanillaEF.IntegrationTests.csproj", "{70D28838-2F9F-4F2D-BB08-ED72D3449F6A}"
EndProject
Global
	GlobalSection(SolutionConfigurationPlatforms) = preSolution
		Debug|Any CPU = Debug|Any CPU
		Release|Any CPU = Release|Any CPU
	EndGlobalSection
	GlobalSection(ProjectConfigurationPlatforms) = postSolution
		{C9356E55-0268-442F-B4BA-97BC65CFB908}.Debug|Any CPU.ActiveCfg = Debug|Any CPU
		{C9356E55-0268-442F-B4BA-97BC65CFB908}.Debug|Any CPU.Build.0 = Debug|Any CPU
		{C9356E55-0268-442F-B4BA-97BC65CFB908}.Release|Any CPU.ActiveCfg = Release|Any CPU
		{C9356E55-0268-442F-B4BA-97BC65CFB908}.Release|Any CPU.Build.0 = Release|Any CPU
		{32F07181-5A50-47F9-9874-C18E2E664ED1}.Debug|Any CPU.ActiveCfg = Debug|Any CPU
		{32F07181-5A50-47F9-9874-C18E2E664ED1}.Debug|Any CPU.Build.0 = Debug|Any CPU
		{32F07181-5A50-47F9-9874-C18E2E664ED1}.Release|Any CPU.ActiveCfg = Release|Any CPU
		{32F07181-5A50-47F9-9874-C18E2E664ED1}.Release|Any CPU.Build.0 = Release|Any CPU
		{70D28838-2F9F-4F2D-BB08-ED72D3449F6A}.Debug|Any CPU.ActiveCfg = Debug|Any CPU
		{70D28838-2F9F-4F2D-BB08-ED72D3449F6A}.Debug|Any CPU.Build.0 = Debug|Any CPU
		{70D28838-2F9F-4F2D-BB08-ED72D3449F6A}.Release|Any CPU.ActiveCfg = Release|Any CPU
		{70D28838-2F9F-4F2D-BB08-ED72D3449F6A}.Release|Any CPU.Build.0 = Release|Any CPU
	EndGlobalSection
	GlobalSection(SolutionProperties) = preSolution
		HideSolutionNode = FALSE
	EndGlobalSection
EndGlobal
